
Microsoft Visual Studio Solution File, Format Version 12.00
# Visual Studio Version 17
VisualStudioVersion = 17.5.002.0
MinimumVisualStudioVersion = 10.0.40219.1
Project("{9A19103F-16F7-4668-BE54-9A1E7A4F7556}") = "EMSys", "EMSys.csproj", "{9EC4FA83-7F28-44C7-91F5-4737B1000CEB}"
EndProject
Project("{FAE04EC0-301F-11D3-BF4B-00C04F79EFBC}") = "Project1", "..\Project1\Project1.csproj", "{2CEC2FAF-7120-486E-8E4B-3FF22E829EA6}"
EndProject
Global
	GlobalSection(SolutionConfigurationPlatforms) = preSolution
		Debug|Any CPU = Debug|Any CPU
		Release|Any CPU = Release|Any CPU
	EndGlobalSection
	GlobalSection(ProjectConfigurationPlatforms) = postSolution
		{9EC4FA83-7F28-44C7-91F5-4737B1000CEB}.Debug|Any CPU.ActiveCfg = Debug|Any CPU
		{9EC4FA83-7F28-44C7-91F5-4737B1000CEB}.Debug|Any CPU.Build.0 = Debug|Any CPU
		{9EC4FA83-7F28-44C7-91F5-4737B1000CEB}.Release|Any CPU.ActiveCfg = Release|Any CPU
		{9EC4FA83-7F28-44C7-91F5-4737B1000CEB}.Release|Any CPU.Build.0 = Release|Any CPU
		{2CEC2FAF-7120-486E-8E4B-3FF22E829EA6}.Debug|Any CPU.ActiveCfg = Debug|Any CPU
		{2CEC2FAF-7120-486E-8E4B-3FF22E829EA6}.Debug|Any CPU.Build.0 = Debug|Any CPU
		{2CEC2FAF-7120-486E-8E4B-3FF22E829EA6}.Release|Any CPU.ActiveCfg = Release|Any CPU
		{2CEC2FAF-7120-486E-8E4B-3FF22E829EA6}.Release|Any CPU.Build.0 = Release|Any CPU
	EndGlobalSection
	GlobalSection(SolutionProperties) = preSolution
		HideSolutionNode = FALSE
	EndGlobalSection
	GlobalSection(ExtensibilityGlobals) = postSolution
		SolutionGuid = {F615BA4B-BE6E-4FE4-943B-578B3B7C3B70}
	EndGlobalSection
EndGlobal
